
Microsoft Visual Studio Solution File, Format Version 12.00
# Visual Studio Version 17
VisualStudioVersion = 17.0.31903.59
MinimumVisualStudioVersion = 10.0.40219.1
Project("{2150E333-8FDC-42A3-9474-1A3956D46DE8}") = "src", "src", "{7BEA6B87-5401-43C7-A55C-BA7B724420B1}"
EndProject
Project("{FAE04EC0-301F-11D3-BF4B-00C04F79EFBC}") = "IOCX.Domain", "src\IOCX.Domain\IOCX.Domain.csproj", "{61865FBE-D266-4ECE-B309-FD43B8D68D82}"
EndProject
Project("{FAE04EC0-301F-11D3-BF4B-00C04F79EFBC}") = "IOCX.Application", "src\IOCX.Application\IOCX.Application.csproj", "{6DB43A97-A6B0-4E0C-9956-9C44F4C73342}"
EndProject
Project("{2150E333-8FDC-42A3-9474-1A3956D46DE8}") = "tests", "tests", "{AB3A9319-D230-4E0A-8687-DAD1CBBE9E0C}"
EndProject
Project("{FAE04EC0-301F-11D3-BF4B-00C04F79EFBC}") = "IOCX.Domain.Tests", "tests\IOCX.Domain.Tests\IOCX.Domain.Tests.csproj", "{857506EE-53A4-4A40-8AD7-38907BE6BB06}"
EndProject
Project("{FAE04EC0-301F-11D3-BF4B-00C04F79EFBC}") = "IOCX.Application.Tests", "tests\IOCX.Application.Tests\IOCX.Application.Tests.csproj", "{F64F54F1-DBA9-4318-AF0F-A7E31B2659CC}"
EndProject
Project("{FAE04EC0-301F-11D3-BF4B-00C04F79EFBC}") = "IOCX.Infrastructure.Tests", "tests\IOCX.Infrastructure.Tests\IOCX.Infrastructure.Tests.csproj", "{E9B5752A-2CB2-4F08-A558-99703C8D2ED2}"
EndProject
Project("{FAE04EC0-301F-11D3-BF4B-00C04F79EFBC}") = "IOCX.Infrastructure", "src\IOCX.Infrastructure\IOCX.Infrastructure.csproj", "{03360A27-08BA-4268-8D34-2356AA56CD3E}"
EndProject
Project("{FAE04EC0-301F-11D3-BF4B-00C04F79EFBC}") = "IOCX.Wpf", "src\IOCX.Wpf\IOCX.Wpf.csproj", "{F403AAC1-5650-4CAF-9C0A-19C1A0BD6F23}"
EndProject
Global
	GlobalSection(SolutionConfigurationPlatforms) = preSolution
		Debug|Any CPU = Debug|Any CPU
		Release|Any CPU = Release|Any CPU
	EndGlobalSection
	GlobalSection(SolutionProperties) = preSolution
		HideSolutionNode = FALSE
	EndGlobalSection
	GlobalSection(ProjectConfigurationPlatforms) = postSolution
		{61865FBE-D266-4ECE-B309-FD43B8D68D82}.Debug|Any CPU.ActiveCfg = Debug|Any CPU
		{61865FBE-D266-4ECE-B309-FD43B8D68D82}.Debug|Any CPU.Build.0 = Debug|Any CPU
		{61865FBE-D266-4ECE-B309-FD43B8D68D82}.Release|Any CPU.ActiveCfg = Release|Any CPU
		{61865FBE-D266-4ECE-B309-FD43B8D68D82}.Release|Any CPU.Build.0 = Release|Any CPU
		{6DB43A97-A6B0-4E0C-9956-9C44F4C73342}.Debug|Any CPU.ActiveCfg = Debug|Any CPU
		{6DB43A97-A6B0-4E0C-9956-9C44F4C73342}.Debug|Any CPU.Build.0 = Debug|Any CPU
		{6DB43A97-A6B0-4E0C-9956-9C44F4C73342}.Release|Any CPU.ActiveCfg = Release|Any CPU
		{6DB43A97-A6B0-4E0C-9956-9C44F4C73342}.Release|Any CPU.Build.0 = Release|Any CPU
		{857506EE-53A4-4A40-8AD7-38907BE6BB06}.Debug|Any CPU.ActiveCfg = Debug|Any CPU
		{857506EE-53A4-4A40-8AD7-38907BE6BB06}.Debug|Any CPU.Build.0 = Debug|Any CPU
		{857506EE-53A4-4A40-8AD7-38907BE6BB06}.Release|Any CPU.ActiveCfg = Release|Any CPU
		{857506EE-53A4-4A40-8AD7-38907BE6BB06}.Release|Any CPU.Build.0 = Release|Any CPU
		{F64F54F1-DBA9-4318-AF0F-A7E31B2659CC}.Debug|Any CPU.ActiveCfg = Debug|Any CPU
		{F64F54F1-DBA9-4318-AF0F-A7E31B2659CC}.Debug|Any CPU.Build.0 = Debug|Any CPU
		{F64F54F1-DBA9-4318-AF0F-A7E31B2659CC}.Release|Any CPU.ActiveCfg = Release|Any CPU
		{F64F54F1-DBA9-4318-AF0F-A7E31B2659CC}.Release|Any CPU.Build.0 = Release|Any CPU
		{E9B5752A-2CB2-4F08-A558-99703C8D2ED2}.Debug|Any CPU.ActiveCfg = Debug|Any CPU
		{E9B5752A-2CB2-4F08-A558-99703C8D2ED2}.Debug|Any CPU.Build.0 = Debug|Any CPU
		{E9B5752A-2CB2-4F08-A558-99703C8D2ED2}.Release|Any CPU.ActiveCfg = Release|Any CPU
		{E9B5752A-2CB2-4F08-A558-99703C8D2ED2}.Release|Any CPU.Build.0 = Release|Any CPU
		{03360A27-08BA-4268-8D34-2356AA56CD3E}.Debug|Any CPU.ActiveCfg = Debug|Any CPU
		{03360A27-08BA-4268-8D34-2356AA56CD3E}.Debug|Any CPU.Build.0 = Debug|Any CPU
		{03360A27-08BA-4268-8D34-2356AA56CD3E}.Release|Any CPU.ActiveCfg = Release|Any CPU
		{03360A27-08BA-4268-8D34-2356AA56CD3E}.Release|Any CPU.Build.0 = Release|Any CPU
		{F403AAC1-5650-4CAF-9C0A-19C1A0BD6F23}.Debug|Any CPU.ActiveCfg = Debug|Any CPU
		{F403AAC1-5650-4CAF-9C0A-19C1A0BD6F23}.Debug|Any CPU.Build.0 = Debug|Any CPU
		{F403AAC1-5650-4CAF-9C0A-19C1A0BD6F23}.Release|Any CPU.ActiveCfg = Release|Any CPU
		{F403AAC1-5650-4CAF-9C0A-19C1A0BD6F23}.Release|Any CPU.Build.0 = Release|Any CPU
	EndGlobalSection
	GlobalSection(NestedProjects) = preSolution
		{61865FBE-D266-4ECE-B309-FD43B8D68D82} = {7BEA6B87-5401-43C7-A55C-BA7B724420B1}
		{6DB43A97-A6B0-4E0C-9956-9C44F4C73342} = {7BEA6B87-5401-43C7-A55C-BA7B724420B1}
		{857506EE-53A4-4A40-8AD7-38907BE6BB06} = {AB3A9319-D230-4E0A-8687-DAD1CBBE9E0C}
		{F64F54F1-DBA9-4318-AF0F-A7E31B2659CC} = {AB3A9319-D230-4E0A-8687-DAD1CBBE9E0C}
		{E9B5752A-2CB2-4F08-A558-99703C8D2ED2} = {AB3A9319-D230-4E0A-8687-DAD1CBBE9E0C}
		{03360A27-08BA-4268-8D34-2356AA56CD3E} = {7BEA6B87-5401-43C7-A55C-BA7B724420B1}
		{F403AAC1-5650-4CAF-9C0A-19C1A0BD6F23} = {7BEA6B87-5401-43C7-A55C-BA7B724420B1}
	EndGlobalSection
EndGlobal
